{
  "requires": true,
  "lockfileVersion": 1,
  "dependencies": {
    "eruda": {
      "version": "2.4.1",
      "resolved": "https://registry.npmjs.org/eruda/-/eruda-2.4.1.tgz",
      "integrity": "sha512-rI16JoCsyy/pzXbPo7X6EMSUrhbtKZeFZGopiqrmCKxA8GlH61IXjlQAk1SWGpVpkJ6A1z7leuF8EmhFsU+OXQ=="
    }
  }
}
